PODS:
  - AFNetworking (3.1.0):
    - AFNetworking/NSURLSession (= 3.1.0)
    - AFNetworking/Reachability (= 3.1.0)
    - AFNetworking/Security (= 3.1.0)
    - AFNetworking/Serialization (= 3.1.0)
    - AFNetworking/UIKit (= 3.1.0)
  - AFNetworking/NSURLSession (3.1.0):
    - AFNetworking/Reachability
    - AFNetworking/Security
    - AFNetworking/Serialization
  - AFNetworking/Reachability (3.1.0)
  - AFNetworking/Security (3.1.0)
  - AFNetworking/Serialization (3.1.0)
  - AFNetworking/UIKit (3.1.0):
    - AFNetworking/NSURLSession
  - HZNetwork (0.6.0):
    - AFNetworking (~> 3.1.0)

DEPENDENCIES:
  - HZNetwork (from `../`)

EXTERNAL SOURCES:
  HZNetwork:
    :path: ../

SPEC CHECKSUMS:
  AFNetworking: 5e0e199f73d8626b11e79750991f5d173d1f8b67
  HZNetwork: c8f0a68179e3fb5beca8b3d027f38bc6885b42bf

PODFILE CHECKSUM: 16aa15dbe1ad94e8bcf60df2767858a635012187

COCOAPODS: 1.2.0
